
Microsoft Visual Studio Solution File, Format Version 12.00
# Visual Studio 15
VisualStudioVersion = 15.0.28307.1022
MinimumVisualStudioVersion = 10.0.40219.1
Project("{FAE04EC0-301F-11D3-BF4B-00C04F79EFBC}") = "SP-RER", "SP-RER\SP-RER.csproj", "{C7BDEC07-0962-4C45-B25C-E15265BBA5EB}"
EndProject
Project("{FAE04EC0-301F-11D3-BF4B-00C04F79EFBC}") = "SP-RERWeb", "SP-RERWeb\SP-RERWeb.csproj", "{D3F8F8BA-274A-4442-BF62-DAE997490A55}"
EndProject
Global
	GlobalSection(SolutionConfigurationPlatforms) = preSolution
		Debug|Any CPU = Debug|Any CPU
		Release|Any CPU = Release|Any CPU
	EndGlobalSection
	GlobalSection(ProjectConfigurationPlatforms) = postSolution
		{C7BDEC07-0962-4C45-B25C-E15265BBA5EB}.Debug|Any CPU.ActiveCfg = Debug|Any CPU
		{C7BDEC07-0962-4C45-B25C-E15265BBA5EB}.Debug|Any CPU.Build.0 = Debug|Any CPU
		{C7BDEC07-0962-4C45-B25C-E15265BBA5EB}.Debug|Any CPU.Deploy.0 = Debug|Any CPU
		{C7BDEC07-0962-4C45-B25C-E15265BBA5EB}.Release|Any CPU.ActiveCfg = Release|Any CPU
		{C7BDEC07-0962-4C45-B25C-E15265BBA5EB}.Release|Any CPU.Build.0 = Release|Any CPU
		{C7BDEC07-0962-4C45-B25C-E15265BBA5EB}.Release|Any CPU.Deploy.0 = Release|Any CPU
		{D3F8F8BA-274A-4442-BF62-DAE997490A55}.Debug|Any CPU.ActiveCfg = Debug|Any CPU
		{D3F8F8BA-274A-4442-BF62-DAE997490A55}.Debug|Any CPU.Build.0 = Debug|Any CPU
		{D3F8F8BA-274A-4442-BF62-DAE997490A55}.Release|Any CPU.ActiveCfg = Release|Any CPU
		{D3F8F8BA-274A-4442-BF62-DAE997490A55}.Release|Any CPU.Build.0 = Release|Any CPU
	EndGlobalSection
	GlobalSection(SolutionProperties) = preSolution
		HideSolutionNode = FALSE
	EndGlobalSection
	GlobalSection(ExtensibilityGlobals) = postSolution
		SolutionGuid = {446F7ADE-63AD-4351-AAA2-62B2F4918C3A}
	EndGlobalSection
EndGlobal
